<?xml version="1.0" encoding="utf-8"?>
<Project ToolsVersion="4.0" xmlns="http://schemas.microsoft.com/developer/msbuild/2003">
  <ItemGroup>
    <Filter Include="Source Files">
      <UniqueIdentifier>{4FC737F1-C7A5-4376-A066-2A32D752A2FF}</UniqueIdentifier>
      <Extensions>cpp;c;cc;cxx;def;odl;idl;hpj;bat;asm;asmx</Extensions>
    </Filter>
    <Filter Include="Header Files">
      <UniqueIdentifier>{93995380-89BD-4b04-88EB-625FBE52EBFB}</UniqueIdentifier>
      <Extensions>h;hh;hpp;hxx;hm;inl;inc;xsd</Extensions>
    </Filter>
    <Filter Include="Resource Files">
      <UniqueIdentifier>{67DA6AB6-F800-4c08-8B7A-83BB121AAD01}</UniqueIdentifier>
      <Extensions>rc;ico;cur;bmp;dlg;rc2;rct;bin;rgs;gif;jpg;jpeg;jpe;resx;tiff;tif;png;wav</Extensions>
    </Filter>
  </ItemGroup>
  <ItemGroup>
    <ClCompile Include="misc\basic_parsing.c">
      <Filter>Source Files</Filter>
    </ClCompile>
    <ClCompile Include="misc\parser_callbacks.c">
      <Filter>Source Files</Filter>
    </ClCompile>
    <ClCompile Include="misc\parse_errors.c">
      <Filter>Source Files</Filter>
    </ClCompile>
    <ClCompile Include="src\cif.c">
      <Filter>Source Files</Filter>
    </ClCompile>
    <ClCompile Include="src\ciffile.c">
      <Filter>Source Files</Filter>
    </ClCompile>
    <ClCompile Include="src\container.c">
      <Filter>Source Files</Filter>
    </ClCompile>
    <ClCompile Include="src\loop.c">
      <Filter>Source Files</Filter>
    </ClCompile>
    <ClCompile Include="src\map.c">
      <Filter>Source Files</Filter>
    </ClCompile>
    <ClCompile Include="src\packet.c">
      <Filter>Source Files</Filter>
    </ClCompile>
    <ClCompile Include="src\parser.c">
      <Filter>Source Files</Filter>
    </ClCompile>
    <ClCompile Include="src\pktitr.c">
      <Filter>Source Files</Filter>
    </ClCompile>
    <ClCompile Include="src\utils.c">
      <Filter>Source Files</Filter>
    </ClCompile>
    <ClCompile Include="src\value.c">
      <Filter>Source Files</Filter>
    </ClCompile>
    <ClCompile Include="src\examples\addauthor.c">
      <Filter>Source Files</Filter>
    </ClCompile>
    <ClCompile Include="src\examples\syncheck.c">
      <Filter>Source Files</Filter>
    </ClCompile>
    <ClCompile Include="src\examples\table1.c">
      <Filter>Source Files</Filter>
    </ClCompile>
    <ClCompile Include="src\examples\table3.c">
      <Filter>Source Files</Filter>
    </ClCompile>
    <ClCompile Include="src\tests\test_block_create_frame1.c">
      <Filter>Source Files</Filter>
    </ClCompile>
    <ClCompile Include="src\tests\test_block_create_frame2.c">
      <Filter>Source Files</Filter>
    </ClCompile>
    <ClCompile Include="src\tests\test_block_get_all_frames.c">
      <Filter>Source Files</Filter>
    </ClCompile>
    <ClCompile Include="src\tests\test_block_get_frame.c">
      <Filter>Source Files</Filter>
    </ClCompile>
    <ClCompile Include="src\tests\test_container_assert_block.c">
      <Filter>Source Files</Filter>
    </ClCompile>
    <ClCompile Include="src\tests\test_container_create_loop1.c">
      <Filter>Source Files</Filter>
    </ClCompile>
    <ClCompile Include="src\tests\test_container_create_loop2.c">
      <Filter>Source Files</Filter>
    </ClCompile>
    <ClCompile Include="src\tests\test_container_get_all_loops.c">
      <Filter>Source Files</Filter>
    </ClCompile>
    <ClCompile Include="src\tests\test_container_get_category_loop.c">
      <Filter>Source Files</Filter>
    </ClCompile>
    <ClCompile Include="src\tests\test_container_get_code.c">
      <Filter>Source Files</Filter>
    </ClCompile>
    <ClCompile Include="src\tests\test_container_get_item_loop.c">
      <Filter>Source Files</Filter>
    </ClCompile>
    <ClCompile Include="src\tests\test_container_get_value.c">
      <Filter>Source Files</Filter>
    </ClCompile>
    <ClCompile Include="src\tests\test_container_prune.c">
      <Filter>Source Files</Filter>
    </ClCompile>
    <ClCompile Include="src\tests\test_container_remove_item.c">
      <Filter>Source Files</Filter>
    </ClCompile>
    <ClCompile Include="src\tests\test_container_set_value1.c">
      <Filter>Source Files</Filter>
    </ClCompile>
    <ClCompile Include="src\tests\test_container_set_value2.c">
      <Filter>Source Files</Filter>
    </ClCompile>
    <ClCompile Include="src\tests\test_create.c">
      <Filter>Source Files</Filter>
    </ClCompile>
    <ClCompile Include="src\tests\test_create_block1.c">
      <Filter>Source Files</Filter>
    </ClCompile>
    <ClCompile Include="src\tests\test_create_block2.c">
      <Filter>Source Files</Filter>
    </ClCompile>
    <ClCompile Include="src\tests\test_get_all_blocks.c">
      <Filter>Source Files</Filter>
    </ClCompile>
    <ClCompile Include="src\tests\test_get_api_version.c">
      <Filter>Source Files</Filter>
    </ClCompile>
    <ClCompile Include="src\tests\test_get_block.c">
      <Filter>Source Files</Filter>
    </ClCompile>
    <ClCompile Include="src\tests\test_list_elements.c">
      <Filter>Source Files</Filter>
    </ClCompile>
    <ClCompile Include="src\tests\test_loop_add_item.c">
      <Filter>Source Files</Filter>
    </ClCompile>
    <ClCompile Include="src\tests\test_loop_destroy.c">
      <Filter>Source Files</Filter>
    </ClCompile>
    <ClCompile Include="src\tests\test_loop_get_names.c">
      <Filter>Source Files</Filter>
    </ClCompile>
    <ClCompile Include="src\tests\test_loop_misc.c">
      <Filter>Source Files</Filter>
    </ClCompile>
    <ClCompile Include="src\tests\test_loop_modification.c">
      <Filter>Source Files</Filter>
    </ClCompile>
    <ClCompile Include="src\tests\test_loop_packets.c">
      <Filter>Source Files</Filter>
    </ClCompile>
    <ClCompile Include="src\tests\test_loop_set_category.c">
      <Filter>Source Files</Filter>
    </ClCompile>
    <ClCompile Include="src\tests\test_multiple_cifs.c">
      <Filter>Source Files</Filter>
    </ClCompile>
    <ClCompile Include="src\tests\test_nested_frames.c">
      <Filter>Source Files</Filter>
    </ClCompile>
    <ClCompile Include="src\tests\test_nesting.c">
      <Filter>Source Files</Filter>
    </ClCompile>
    <ClCompile Include="src\tests\test_normalize.c">
      <Filter>Source Files</Filter>
    </ClCompile>
    <ClCompile Include="src\tests\test_packet_create.c">
      <Filter>Source Files</Filter>
    </ClCompile>
    <ClCompile Include="src\tests\test_packet_items.c">
      <Filter>Source Files</Filter>
    </ClCompile>
    <ClCompile Include="src\tests\test_packet_remove_item.c">
      <Filter>Source Files</Filter>
    </ClCompile>
    <ClCompile Include="src\tests\test_packet_set_item.c">
      <Filter>Source Files</Filter>
    </ClCompile>
    <ClCompile Include="src\tests\test_parse_10.c">
      <Filter>Source Files</Filter>
    </ClCompile>
    <ClCompile Include="src\tests\test_parse_cif1_quoting.c">
      <Filter>Source Files</Filter>
    </ClCompile>
    <ClCompile Include="src\tests\test_parse_complex_data.c">
      <Filter>Source Files</Filter>
    </ClCompile>
    <ClCompile Include="src\tests\test_parse_core.c">
      <Filter>Source Files</Filter>
    </ClCompile>
    <ClCompile Include="src\tests\test_parse_list_data.c">
      <Filter>Source Files</Filter>
    </ClCompile>
    <ClCompile Include="src\tests\test_parse_minimal.c">
      <Filter>Source Files</Filter>
    </ClCompile>
    <ClCompile Include="src\tests\test_parse_nested.c">
      <Filter>Source Files</Filter>
    </ClCompile>
    <ClCompile Include="src\tests\test_parse_simple_containers.c">
      <Filter>Source Files</Filter>
    </ClCompile>
    <ClCompile Include="src\tests\test_parse_simple_data.c">
      <Filter>Source Files</Filter>
    </ClCompile>
    <ClCompile Include="src\tests\test_parse_simple_loops.c">
      <Filter>Source Files</Filter>
    </ClCompile>
    <ClCompile Include="src\tests\test_parse_table_data.c">
      <Filter>Source Files</Filter>
    </ClCompile>
    <ClCompile Include="src\tests\test_parse_text_fields.c">
      <Filter>Source Files</Filter>
    </ClCompile>
    <ClCompile Include="src\tests\test_parse_triple.c">
      <Filter>Source Files</Filter>
    </ClCompile>
    <ClCompile Include="src\tests\test_parse_unicode.c">
      <Filter>Source Files</Filter>
    </ClCompile>
    <ClCompile Include="src\tests\test_table_elements.c">
      <Filter>Source Files</Filter>
    </ClCompile>
    <ClCompile Include="src\tests\test_ustrdup.c">
      <Filter>Source Files</Filter>
    </ClCompile>
    <ClCompile Include="src\tests\test_value_autoinit_numb.c">
      <Filter>Source Files</Filter>
    </ClCompile>
    <ClCompile Include="src\tests\test_value_clone.c">
      <Filter>Source Files</Filter>
    </ClCompile>
    <ClCompile Include="src\tests\test_value_copy_char.c">
      <Filter>Source Files</Filter>
    </ClCompile>
    <ClCompile Include="src\tests\test_value_create.c">
      <Filter>Source Files</Filter>
    </ClCompile>
    <ClCompile Include="src\tests\test_value_get_number.c">
      <Filter>Source Files</Filter>
    </ClCompile>
    <ClCompile Include="src\tests\test_value_init_char.c">
      <Filter>Source Files</Filter>
    </ClCompile>
    <ClCompile Include="src\tests\test_value_init_numb.c">
      <Filter>Source Files</Filter>
    </ClCompile>
    <ClCompile Include="src\tests\test_value_parse_numb.c">
      <Filter>Source Files</Filter>
    </ClCompile>
    <ClCompile Include="src\tests\test_write_complex.c">
      <Filter>Source Files</Filter>
    </ClCompile>
    <ClCompile Include="src\tests\test_write_frames.c">
      <Filter>Source Files</Filter>
    </ClCompile>
    <ClCompile Include="src\tests\test_write_loops.c">
      <Filter>Source Files</Filter>
    </ClCompile>
    <ClCompile Include="src\tests\test_write_simple.c">
      <Filter>Source Files</Filter>
    </ClCompile>
  </ItemGroup>
  <ItemGroup>
    <ClInclude Include="src\cif.h">
      <Filter>Header Files</Filter>
    </ClInclude>
    <ClInclude Include="src\examples\messages.h">
      <Filter>Header Files</Filter>
    </ClInclude>
    <ClInclude Include="src\internal\buffer.h">
      <Filter>Header Files</Filter>
    </ClInclude>
    <ClInclude Include="src\internal\ciftypes.h">
      <Filter>Header Files</Filter>
    </ClInclude>
    <ClInclude Include="src\internal\compat.h">
      <Filter>Header Files</Filter>
    </ClInclude>
    <ClInclude Include="src\internal\sql.h">
      <Filter>Header Files</Filter>
    </ClInclude>
    <ClInclude Include="src\internal\utils.h">
      <Filter>Header Files</Filter>
    </ClInclude>
    <ClInclude Include="src\internal\value.h">
      <Filter>Header Files</Filter>
    </ClInclude>
    <ClInclude Include="src\tests\assert_cifs.h">
      <Filter>Header Files</Filter>
    </ClInclude>
    <ClInclude Include="src\tests\assert_doubles.h">
      <Filter>Header Files</Filter>
    </ClInclude>
    <ClInclude Include="src\tests\assert_value.h">
      <Filter>Header Files</Filter>
    </ClInclude>
    <ClInclude Include="src\tests\test.h">
      <Filter>Header Files</Filter>
    </ClInclude>
    <ClInclude Include="uthash\utarray.h">
      <Filter>Header Files</Filter>
    </ClInclude>
    <ClInclude Include="uthash\uthash.h">
      <Filter>Header Files</Filter>
    </ClInclude>
    <ClInclude Include="uthash\utlist.h">
      <Filter>Header Files</Filter>
    </ClInclude>
    <ClInclude Include="uthash\utstring.h">
      <Filter>Header Files</Filter>
    </ClInclude>
  </ItemGroup>
  <ItemGroup>
    <None Include="misc\footer.html" />
  </ItemGroup>
</Project>